// !$*UTF8*$!
{
	archiveVersion = 1;
	classes = {
	};
	objectVersion = 46;
	objects = {

/* Begin PBXBuildFile section */
		3F3859531AEB2DE200163FFA /* SetMusicStartTimeViewController.m in Sources */ = {isa = PBXBuildFile; fileRef = 3F3859521AEB2DE200163FFA /* SetMusicStartTimeViewController.m */; };
		3F3BE5251AF89C5000F16335 /* Initialize.m in Sources */ = {isa = PBXBuildFile; fileRef = 3F3BE5241AF89C5000F16335 /* Initialize.m */; };
		3F3BE5281AF8AABE00F16335 /* ExportCapture.m in Sources */ = {isa = PBXBuildFile; fileRef = 3F3BE5271AF8AABE00F16335 /* ExportCapture.m */; };
		3F8628DD1AEA3CA20094B9BA /* main.m in Sources */ = {isa = PBXBuildFile; fileRef = 3F8628DC1AEA3CA20094B9BA /* main.m */; };
		3F8628E01AEA3CA20094B9BA /* AppDelegate.m in Sources */ = {isa = PBXBuildFile; fileRef = 3F8628DF1AEA3CA20094B9BA /* AppDelegate.m */; };
		3F8628E31AEA3CA20094B9BA /* CustomVideoCamera2.xcdatamodeld in Sources */ = {isa = PBXBuildFile; fileRef = 3F8628E11AEA3CA20094B9BA /* CustomVideoCamera2.xcdatamodeld */; };
		3F8628E61AEA3CA20094B9BA /* CameraViewController.m in Sources */ = {isa = PBXBuildFile; fileRef = 3F8628E51AEA3CA20094B9BA /* CameraViewController.m */; };
		3F8628E91AEA3CA20094B9BA /* Main.storyboard in Resources */ = {isa = PBXBuildFile; fileRef = 3F8628E71AEA3CA20094B9BA /* Main.storyboard */; };
		3F8628EB1AEA3CA20094B9BA /* Images.xcassets in Resources */ = {isa = PBXBuildFile; fileRef = 3F8628EA1AEA3CA20094B9BA /* Images.xcassets */; };
		3F8628EE1AEA3CA20094B9BA /* LaunchScreen.xib in Resources */ = {isa = PBXBuildFile; fileRef = 3F8628EC1AEA3CA20094B9BA /* LaunchScreen.xib */; };
		3F8628FA1AEA3CA20094B9BA /* CustomVideoCamera2Tests.m in Sources */ = {isa = PBXBuildFile; fileRef = 3F8628F91AEA3CA20094B9BA /* CustomVideoCamera2Tests.m */; };
		3F8629041AEA40C00094B9BA /* AVFoundation.framework in Frameworks */ = {isa = PBXBuildFile; fileRef = 3F8629031AEA40C00094B9BA /* AVFoundation.framework */; };
		3F8629061AEA40C30094B9BA /* AudioToolbox.framework in Frameworks */ = {isa = PBXBuildFile; fileRef = 3F8629051AEA40C30094B9BA /* AudioToolbox.framework */; };
		3F8629081AEA40D30094B9BA /* CoreMedia.framework in Frameworks */ = {isa = PBXBuildFile; fileRef = 3F8629071AEA40D30094B9BA /* CoreMedia.framework */; };
		3F86290A1AEA40D70094B9BA /* Foundation.framework in Frameworks */ = {isa = PBXBuildFile; fileRef = 3F8629091AEA40D70094B9BA /* Foundation.framework */; };
		3F86290C1AEA40DA0094B9BA /* AssetsLibrary.framework in Frameworks */ = {isa = PBXBuildFile; fileRef = 3F86290B1AEA40DA0094B9BA /* AssetsLibrary.framework */; };
		3F86290F1AEA41790094B9BA /* MusicLibaryViewController.m in Sources */ = {isa = PBXBuildFile; fileRef = 3F86290E1AEA41790094B9BA /* MusicLibaryViewController.m */; };
		3FA6CE691AF7698F00923F25 /* In_Video_Border.png in Resources */ = {isa = PBXBuildFile; fileRef = 3FA6CE681AF7698F00923F25 /* In_Video_Border.png */; };
/* End PBXBuildFile section */

/* Begin PBXContainerItemProxy section */
		3F8628F41AEA3CA20094B9BA /* PBXContainerItemProxy */ = {
			isa = PBXContainerItemProxy;
			containerPortal = 3F8628CF1AEA3CA20094B9BA /* Project object */;
			proxyType = 1;
			remoteGlobalIDString = 3F8628D61AEA3CA20094B9BA;
			remoteInfo = CustomVideoCamera2;
		};
/* End PBXContainerItemProxy section */

/* Begin PBXFileReference section */
		3F3859511AEB2DE200163FFA /* SetMusicStartTimeViewController.h */ = {isa = PBXFileReference; fileEncoding = 4; lastKnownFileType = sourcecode.c.h; path = SetMusicStartTimeViewController.h; sourceTree = "<group>"; };
		3F3859521AEB2DE200163FFA /* SetMusicStartTimeViewController.m */ = {isa = PBXFileReference; fileEncoding = 4; lastKnownFileType = sourcecode.c.objc; path = SetMusicStartTimeViewController.m; sourceTree = "<group>"; };
		3F3BE5231AF89C5000F16335 /* Initialize.h */ = {isa = PBXFileReference; fileEncoding = 4; lastKnownFileType = sourcecode.c.h; path = Initialize.h; sourceTree = "<group>"; };
		3F3BE5241AF89C5000F16335 /* Initialize.m */ = {isa = PBXFileReference; fileEncoding = 4; lastKnownFileType = sourcecode.c.objc; path = Initialize.m; sourceTree = "<group>"; };
		3F3BE5261AF8AABE00F16335 /* ExportCapture.h */ = {isa = PBXFileReference; fileEncoding = 4; lastKnownFileType = sourcecode.c.h; path = ExportCapture.h; sourceTree = "<group>"; };
		3F3BE5271AF8AABE00F16335 /* ExportCapture.m */ = {isa = PBXFileReference; fileEncoding = 4; lastKnownFileType = sourcecode.c.objc; path = ExportCapture.m; sourceTree = "<group>"; };
		3F8628D71AEA3CA20094B9BA /* CustomVideoCamera2.app */ = {isa = PBXFileReference; explicitFileType = wrapper.application; includeInIndex = 0; path = CustomVideoCamera2.app; sourceTree = BUILT_PRODUCTS_DIR; };
		3F8628DB1AEA3CA20094B9BA /* Info.plist */ = {isa = PBXFileReference; lastKnownFileType = text.plist.xml; path = Info.plist; sourceTree = "<group>"; };
		3F8628DC1AEA3CA20094B9BA /* main.m */ = {isa = PBXFileReference; lastKnownFileType = sourcecode.c.objc; path = main.m; sourceTree = "<group>"; };
		3F8628DE1AEA3CA20094B9BA /* AppDelegate.h */ = {isa = PBXFileReference; lastKnownFileType = sourcecode.c.h; path = AppDelegate.h; sourceTree = "<group>"; };
		3F8628DF1AEA3CA20094B9BA /* AppDelegate.m */ = {isa = PBXFileReference; lastKnownFileType = sourcecode.c.objc; path = AppDelegate.m; sourceTree = "<group>"; };
		3F8628E21AEA3CA20094B9BA /* CustomVideoCamera2.xcdatamodel */ = {isa = PBXFileReference; lastKnownFileType = wrapper.xcdatamodel; path = CustomVideoCamera2.xcdatamodel; sourceTree = "<group>"; };
		3F8628E41AEA3CA20094B9BA /* CameraViewController.h */ = {isa = PBXFileReference; lastKnownFileType = sourcecode.c.h; path = CameraViewController.h; sourceTree = "<group>"; };
		3F8628E51AEA3CA20094B9BA /* CameraViewController.m */ = {isa = PBXFileReference; lastKnownFileType = sourcecode.c.objc; path = CameraViewController.m; sourceTree = "<group>"; };
		3F8628E81AEA3CA20094B9BA /* Base */ = {isa = PBXFileReference; lastKnownFileType = file.storyboard; name = Base; path = Base.lproj/Main.storyboard; sourceTree = "<group>"; };
		3F8628EA1AEA3CA20094B9BA /* Images.xcassets */ = {isa = PBXFileReference; lastKnownFileType = folder.assetcatalog; path = Images.xcassets; sourceTree = "<group>"; };
		3F8628ED1AEA3CA20094B9BA /* Base */ = {isa = PBXFileReference; lastKnownFileType = file.xib; name = Base; path = Base.lproj/LaunchScreen.xib; sourceTree = "<group>"; };
		3F8628F31AEA3CA20094B9BA /* CustomVideoCamera2Tests.xctest */ = {isa = PBXFileReference; explicitFileType = wrapper.cfbundle; includeInIndex = 0; path = CustomVideoCamera2Tests.xctest; sourceTree = BUILT_PRODUCTS_DIR; };
		3F8628F81AEA3CA20094B9BA /* Info.plist */ = {isa = PBXFileReference; lastKnownFileType = text.plist.xml; path = Info.plist; sourceTree = "<group>"; };
		3F8628F91AEA3CA20094B9BA /* CustomVideoCamera2Tests.m */ = {isa = PBXFileReference; lastKnownFileType = sourcecode.c.objc; path = CustomVideoCamera2Tests.m; sourceTree = "<group>"; };
		3F8629031AEA40C00094B9BA /* AVFoundation.framework */ = {isa = PBXFileReference; lastKnownFileType = wrapper.framework; name = AVFoundation.framework; path = System/Library/Frameworks/AVFoundation.framework; sourceTree = SDKROOT; };
		3F8629051AEA40C30094B9BA /* AudioToolbox.framework */ = {isa = PBXFileReference; lastKnownFileType = wrapper.framework; name = AudioToolbox.framework; path = System/Library/Frameworks/AudioToolbox.framework; sourceTree = SDKROOT; };
		3F8629071AEA40D30094B9BA /* CoreMedia.framework */ = {isa = PBXFileReference; lastKnownFileType = wrapper.framework; name = CoreMedia.framework; path = System/Library/Frameworks/CoreMedia.framework; sourceTree = SDKROOT; };
		3F8629091AEA40D70094B9BA /* Foundation.framework */ = {isa = PBXFileReference; lastKnownFileType = wrapper.framework; name = Foundation.framework; path = System/Library/Frameworks/Foundation.framework; sourceTree = SDKROOT; };
		3F86290B1AEA40DA0094B9BA /* AssetsLibrary.framework */ = {isa = PBXFileReference; lastKnownFileType = wrapper.framework; name = AssetsLibrary.framework; path = System/Library/Frameworks/AssetsLibrary.framework; sourceTree = SDKROOT; };
		3F86290D1AEA41790094B9BA /* MusicLibaryViewController.h */ = {isa = PBXFileReference; fileEncoding = 4; lastKnownFileType = sourcecode.c.h; path = MusicLibaryViewController.h; sourceTree = "<group>"; };
		3F86290E1AEA41790094B9BA /* MusicLibaryViewController.m */ = {isa = PBXFileReference; fileEncoding = 4; lastKnownFileType = sourcecode.c.objc; path = MusicLibaryViewController.m; sourceTree = "<group>"; };
		3FA6CE681AF7698F00923F25 /* In_Video_Border.png */ = {isa = PBXFileReference; lastKnownFileType = image.png; path = In_Video_Border.png; sourceTree = "<group>"; };
/* End PBXFileReference section */

/* Begin PBXFrameworksBuildPhase section */
		3F8628D41AEA3CA20094B9BA /* Frameworks */ = {
			isa = PBXFrameworksBuildPhase;
			buildActionMask = 2147483647;
			files = (
				3F86290C1AEA40DA0094B9BA /* AssetsLibrary.framework in Frameworks */,
				3F86290A1AEA40D70094B9BA /* Foundation.framework in Frameworks */,
				3F8629081AEA40D30094B9BA /* CoreMedia.framework in Frameworks */,
				3F8629061AEA40C30094B9BA /* AudioToolbox.framework in Frameworks */,
				3F8629041AEA40C00094B9BA /* AVFoundation.framework in Frameworks */,
			);
			runOnlyForDeploymentPostprocessing = 0;
		};
		3F8628F01AEA3CA20094B9BA /* Frameworks */ = {
			isa = PBXFrameworksBuildPhase;
			buildActionMask = 2147483647;
			files = (
			);
			runOnlyForDeploymentPostprocessing = 0;
		};
/* End PBXFrameworksBuildPhase section */

/* Begin PBXGroup section */
		3F3BE5221AF89C2D00F16335 /* CameraVC */ = {
			isa = PBXGroup;
			children = (
				3F8628E41AEA3CA20094B9BA /* CameraViewController.h */,
				3F8628E51AEA3CA20094B9BA /* CameraViewController.m */,
				3F3BE5231AF89C5000F16335 /* Initialize.h */,
				3F3BE5241AF89C5000F16335 /* Initialize.m */,
				3F3BE5261AF8AABE00F16335 /* ExportCapture.h */,
				3F3BE5271AF8AABE00F16335 /* ExportCapture.m */,
			);
			name = CameraVC;
			sourceTree = "<group>";
		};
		3F8628CE1AEA3CA20094B9BA = {
			isa = PBXGroup;
			children = (
				3F86290B1AEA40DA0094B9BA /* AssetsLibrary.framework */,
				3F8629091AEA40D70094B9BA /* Foundation.framework */,
				3F8629071AEA40D30094B9BA /* CoreMedia.framework */,
				3F8629051AEA40C30094B9BA /* AudioToolbox.framework */,
				3F8629031AEA40C00094B9BA /* AVFoundation.framework */,
				3F8628D91AEA3CA20094B9BA /* CustomVideoCamera2 */,
				3F8628F61AEA3CA20094B9BA /* CustomVideoCamera2Tests */,
				3F8628D81AEA3CA20094B9BA /* Products */,
			);
			sourceTree = "<group>";
		};
		3F8628D81AEA3CA20094B9BA /* Products */ = {
			isa = PBXGroup;
			children = (
				3F8628D71AEA3CA20094B9BA /* CustomVideoCamera2.app */,
				3F8628F31AEA3CA20094B9BA /* CustomVideoCamera2Tests.xctest */,
			);
			name = Products;
			sourceTree = "<group>";
		};
		3F8628D91AEA3CA20094B9BA /* CustomVideoCamera2 */ = {
			isa = PBXGroup;
			children = (
				3F8628DE1AEA3CA20094B9BA /* AppDelegate.h */,
				3F8628DF1AEA3CA20094B9BA /* AppDelegate.m */,
				3F86290D1AEA41790094B9BA /* MusicLibaryViewController.h */,
				3F86290E1AEA41790094B9BA /* MusicLibaryViewController.m */,
				3F3859511AEB2DE200163FFA /* SetMusicStartTimeViewController.h */,
				3F3859521AEB2DE200163FFA /* SetMusicStartTimeViewController.m */,
				3F3BE5221AF89C2D00F16335 /* CameraVC */,
				3F8628E71AEA3CA20094B9BA /* Main.storyboard */,
				3F8628EA1AEA3CA20094B9BA /* Images.xcassets */,
				3F8628EC1AEA3CA20094B9BA /* LaunchScreen.xib */,
				3F8628E11AEA3CA20094B9BA /* CustomVideoCamera2.xcdatamodeld */,
				3F8628DA1AEA3CA20094B9BA /* Supporting Files */,
			);
			path = CustomVideoCamera2;
			sourceTree = "<group>";
		};
		3F8628DA1AEA3CA20094B9BA /* Supporting Files */ = {
			isa = PBXGroup;
			children = (
				3FA6CE681AF7698F00923F25 /* In_Video_Border.png */,
				3F8628DB1AEA3CA20094B9BA /* Info.plist */,
				3F8628DC1AEA3CA20094B9BA /* main.m */,
			);
			name = "Supporting Files";
			sourceTree = "<group>";
		};
		3F8628F61AEA3CA20094B9BA /* CustomVideoCamera2Tests */ = {
			isa = PBXGroup;
			children = (
				3F8628F91AEA3CA20094B9BA /* CustomVideoCamera2Tests.m */,
				3F8628F71AEA3CA20094B9BA /* Supporting Files */,
			);
			path = CustomVideoCamera2Tests;
			sourceTree = "<group>";
		};
		3F8628F71AEA3CA20094B9BA /* Supporting Files */ = {
			isa = PBXGroup;
			children = (
				3F8628F81AEA3CA20094B9BA /* Info.plist */,
			);
			name = "Supporting Files";
			sourceTree = "<group>";
		};
/* End PBXGroup section */

/* Begin PBXNativeTarget section */
		3F8628D61AEA3CA20094B9BA /* CustomVideoCamera2 */ = {
			isa = PBXNativeTarget;
			buildConfigurationList = 3F8628FD1AEA3CA20094B9BA /* Build configuration list for PBXNativeTarget "CustomVideoCamera2" */;
			buildPhases = (
				3F8628D31AEA3CA20094B9BA /* Sources */,
				3F8628D41AEA3CA20094B9BA /* Frameworks */,
				3F8628D51AEA3CA20094B9BA /* Resources */,
			);
			buildRules = (
			);
			dependencies = (
			);
			name = CustomVideoCamera2;
			productName = CustomVideoCamera2;
			productReference = 3F8628D71AEA3CA20094B9BA /* CustomVideoCamera2.app */;
			productType = "com.apple.product-type.application";
		};
		3F8628F21AEA3CA20094B9BA /* CustomVideoCamera2Tests */ = {
			isa = PBXNativeTarget;
			buildConfigurationList = 3F8629001AEA3CA20094B9BA /* Build configuration list for PBXNativeTarget "CustomVideoCamera2Tests" */;
			buildPhases = (
				3F8628EF1AEA3CA20094B9BA /* Sources */,
				3F8628F01AEA3CA20094B9BA /* Frameworks */,
				3F8628F11AEA3CA20094B9BA /* Resources */,
			);
			buildRules = (
			);
			dependencies = (
				3F8628F51AEA3CA20094B9BA /* PBXTargetDependency */,
			);
			name = CustomVideoCamera2Tests;
			productName = CustomVideoCamera2Tests;
			productReference = 3F8628F31AEA3CA20094B9BA /* CustomVideoCamera2Tests.xctest */;
			productType = "com.apple.product-type.bundle.unit-test";
		};
/* End PBXNativeTarget section */

/* Begin PBXProject section */
		3F8628CF1AEA3CA20094B9BA /* Project object */ = {
			isa = PBXProject;
			attributes = {
				LastUpgradeCheck = 0620;
				ORGANIZATIONNAME = Jeremy;
				TargetAttributes = {
					3F8628D61AEA3CA20094B9BA = {
						CreatedOnToolsVersion = 6.2;
					};
					3F8628F21AEA3CA20094B9BA = {
						CreatedOnToolsVersion = 6.2;
						TestTargetID = 3F8628D61AEA3CA20094B9BA;
					};
				};
			};
			buildConfigurationList = 3F8628D21AEA3CA20094B9BA /* Build configuration list for PBXProject "CustomVideoCamera2" */;
			compatibilityVersion = "Xcode 3.2";
			developmentRegion = English;
			hasScannedForEncodings = 0;
			knownRegions = (
				en,
				Base,
			);
			mainGroup = 3F8628CE1AEA3CA20094B9BA;
			productRefGroup = 3F8628D81AEA3CA20094B9BA /* Products */;
			projectDirPath = "";
			projectRoot = "";
			targets = (
				3F8628D61AEA3CA20094B9BA /* CustomVideoCamera2 */,
				3F8628F21AEA3CA20094B9BA /* CustomVideoCamera2Tests */,
			);
		};
/* End PBXProject section */

/* Begin PBXResourcesBuildPhase section */
		3F8628D51AEA3CA20094B9BA /* Resources */ = {
			isa = PBXResourcesBuildPhase;
			buildActionMask = 2147483647;
			files = (
				3FA6CE691AF7698F00923F25 /* In_Video_Border.png in Resources */,
				3F8628E91AEA3CA20094B9BA /* Main.storyboard in Resources */,
				3F8628EE1AEA3CA20094B9BA /* LaunchScreen.xib in Resources */,
				3F8628EB1AEA3CA20094B9BA /* Images.xcassets in Resources */,
			);
			runOnlyForDeploymentPostprocessing = 0;
		};
		3F8628F11AEA3CA20094B9BA /* Resources */ = {
			isa = PBXResourcesBuildPhase;
			buildActionMask = 2147483647;
			files = (
			);
			runOnlyForDeploymentPostprocessing = 0;
		};
/* End PBXResourcesBuildPhase section */

/* Begin PBXSourcesBuildPhase section */
		3F8628D31AEA3CA20094B9BA /* Sources */ = {
			isa = PBXSourcesBuildPhase;
			buildActionMask = 2147483647;
			files = (
				3F3BE5281AF8AABE00F16335 /* ExportCapture.m in Sources */,
				3F86290F1AEA41790094B9BA /* MusicLibaryViewController.m in Sources */,
				3F8628E01AEA3CA20094B9BA /* AppDelegate.m in Sources */,
				3F8628E31AEA3CA20094B9BA /* CustomVideoCamera2.xcdatamodeld in Sources */,
				3F8628E61AEA3CA20094B9BA /* CameraViewController.m in Sources */,
				3F8628DD1AEA3CA20094B9BA /* main.m in Sources */,
				3F3859531AEB2DE200163FFA /* SetMusicStartTimeViewController.m in Sources */,
				3F3BE5251AF89C5000F16335 /* Initialize.m in Sources */,
			);
			runOnlyForDeploymentPostprocessing = 0;
		};
		3F8628EF1AEA3CA20094B9BA /* Sources */ = {
			isa = PBXSourcesBuildPhase;
			buildActionMask = 2147483647;
			files = (
				3F8628FA1AEA3CA20094B9BA /* CustomVideoCamera2Tests.m in Sources */,
			);
			runOnlyForDeploymentPostprocessing = 0;
		};
/* End PBXSourcesBuildPhase section */

/* Begin PBXTargetDependency section */
		3F8628F51AEA3CA20094B9BA /* PBXTargetDependency */ = {
			isa = PBXTargetDependency;
			target = 3F8628D61AEA3CA20094B9BA /* CustomVideoCamera2 */;
			targetProxy = 3F8628F41AEA3CA20094B9BA /* PBXContainerItemProxy */;
		};
/* End PBXTargetDependency section */

/* Begin PBXVariantGroup section */
		3F8628E71AEA3CA20094B9BA /* Main.storyboard */ = {
			isa = PBXVariantGroup;
			children = (
				3F8628E81AEA3CA20094B9BA /* Base */,
			);
			name = Main.storyboard;
			sourceTree = "<group>";
		};
		3F8628EC1AEA3CA20094B9BA /* LaunchScreen.xib */ = {
			isa = PBXVariantGroup;
			children = (
				3F8628ED1AEA3CA20094B9BA /* Base */,
			);
			name = LaunchScreen.xib;
			sourceTree = "<group>";
		};
/* End PBXVariantGroup section */

/* Begin XCBuildConfiguration section */
		3F8628FB1AEA3CA20094B9BA /* Debug */ = {
			isa = XCBuildConfiguration;
			buildSettings = {
				ALWAYS_SEARCH_USER_PATHS = NO;
				CLANG_CXX_LANGUAGE_STANDARD = "gnu++0x";
				CLANG_CXX_LIBRARY = "libc++";
				CLANG_ENABLE_MODULES = YES;
				CLANG_ENABLE_OBJC_ARC = YES;
				CLANG_WARN_BOOL_CONVERSION = YES;
				CLANG_WARN_CONSTANT_CONVERSION = YES;
				CLANG_WARN_DIRECT_OBJC_ISA_USAGE = YES_ERROR;
				CLANG_WARN_EMPTY_BODY = YES;
				CLANG_WARN_ENUM_CONVERSION = YES;
				CLANG_WARN_INT_CONVERSION = YES;
				CLANG_WARN_OBJC_ROOT_CLASS = YES_ERROR;
				CLANG_WARN_UNREACHABLE_CODE = YES;
				CLANG_WARN__DUPLICATE_METHOD_MATCH = YES;
				"CODE_SIGN_IDENTITY[sdk=iphoneos*]" = "iPhone Developer";
				COPY_PHASE_STRIP = NO;
				ENABLE_STRICT_OBJC_MSGSEND = YES;
				GCC_C_LANGUAGE_STANDARD = gnu99;
				GCC_DYNAMIC_NO_PIC = NO;
				GCC_OPTIMIZATION_LEVEL = 0;
				GCC_PREPROCESSOR_DEFINITIONS = (
					"DEBUG=1",
					"$(inherited)",
				);
				GCC_SYMBOLS_PRIVATE_EXTERN = NO;
				GCC_WARN_64_TO_32_BIT_CONVERSION = YES;
				GCC_WARN_ABOUT_RETURN_TYPE = YES_ERROR;
				GCC_WARN_UNDECLARED_SELECTOR = YES;
				GCC_WARN_UNINITIALIZED_AUTOS = YES_AGGRESSIVE;
				GCC_WARN_UNUSED_FUNCTION = YES;
				GCC_WARN_UNUSED_VARIABLE = YES;
				IPHONEOS_DEPLOYMENT_TARGET = 8.2;
				MTL_ENABLE_DEBUG_INFO = YES;
				ONLY_ACTIVE_ARCH = YES;
				SDKROOT = iphoneos;
			};
			name = Debug;
		};
		3F8628FC1AEA3CA20094B9BA /* Release */ = {
			isa = XCBuildConfiguration;
			buildSettings = {
				ALWAYS_SEARCH_USER_PATHS = NO;
				CLANG_CXX_LANGUAGE_STANDARD = "gnu++0x";
				CLANG_CXX_LIBRARY = "libc++";
				CLANG_ENABLE_MODULES = YES;
				CLANG_ENABLE_OBJC_ARC = YES;
				CLANG_WARN_BOOL_CONVERSION = YES;
				CLANG_WARN_CONSTANT_CONVERSION = YES;
				CLANG_WARN_DIRECT_OBJC_ISA_USAGE = YES_ERROR;
				CLANG_WARN_EMPTY_BODY = YES;
				CLANG_WARN_ENUM_CONVERSION = YES;
				CLANG_WARN_INT_CONVERSION = YES;
				CLANG_WARN_OBJC_ROOT_CLASS = YES_ERROR;
				CLANG_WARN_UNREACHABLE_CODE = YES;
				CLANG_WARN__DUPLICATE_METHOD_MATCH = YES;
				"CODE_SIGN_IDENTITY[sdk=iphoneos*]" = "iPhone Developer";
				COPY_PHASE_STRIP = NO;
				ENABLE_NS_ASSERTIONS = NO;
				ENABLE_STRICT_OBJC_MSGSEND = YES;
				GCC_C_LANGUAGE_STANDARD = gnu99;
				GCC_WARN_64_TO_32_BIT_CONVERSION = YES;
				GCC_WARN_ABOUT_RETURN_TYPE = YES_ERROR;
				GCC_WARN_UNDECLARED_SELECTOR = YES;
				GCC_WARN_UNINITIALIZED_AUTOS = YES_AGGRESSIVE;
				GCC_WARN_UNUSED_FUNCTION = YES;
				GCC_WARN_UNUSED_VARIABLE = YES;
				IPHONEOS_DEPLOYMENT_TARGET = 8.2;
				MTL_ENABLE_DEBUG_INFO = NO;
				SDKROOT = iphoneos;
				VALIDATE_PRODUCT = YES;
			};
			name = Release;
		};
		3F8628FE1AEA3CA20094B9BA /* Debug */ = {
			isa = XCBuildConfiguration;
			buildSettings = {
				ASSETCATALOG_COMPILER_APPICON_NAME = AppIcon;
				INFOPLIST_FILE = CustomVideoCamera2/Info.plist;
				LD_RUNPATH_SEARCH_PATHS = "$(inherited) @executable_path/Frameworks";
				PRODUCT_NAME = "$(TARGET_NAME)";
			};
			name = Debug;
		};
		3F8628FF1AEA3CA20094B9BA /* Release */ = {
			isa = XCBuildConfiguration;
			buildSettings = {
				ASSETCATALOG_COMPILER_APPICON_NAME = AppIcon;
				INFOPLIST_FILE = CustomVideoCamera2/Info.plist;
				LD_RUNPATH_SEARCH_PATHS = "$(inherited) @executable_path/Frameworks";
				PRODUCT_NAME = "$(TARGET_NAME)";
			};
			name = Release;
		};
		3F8629011AEA3CA20094B9BA /* Debug */ = {
			isa = XCBuildConfiguration;
			buildSettings = {
				BUNDLE_LOADER = "$(TEST_HOST)";
				FRAMEWORK_SEARCH_PATHS = (
					"$(SDKROOT)/Developer/Library/Frameworks",
					"$(inherited)",
				);
				GCC_PREPROCESSOR_DEFINITIONS = (
					"DEBUG=1",
					"$(inherited)",
				);
				INFOPLIST_FILE = CustomVideoCamera2Tests/Info.plist;
				LD_RUNPATH_SEARCH_PATHS = "$(inherited) @executable_path/Frameworks @loader_path/Frameworks";
				PRODUCT_NAME = "$(TARGET_NAME)";
				TEST_HOST = "$(BUILT_PRODUCTS_DIR)/CustomVideoCamera2.app/CustomVideoCamera2";
			};
			name = Debug;
		};
		3F8629021AEA3CA20094B9BA /* Release */ = {
			isa = XCBuildConfiguration;
			buildSettings = {
				BUNDLE_LOADER = "$(TEST_HOST)";
				FRAMEWORK_SEARCH_PATHS = (
					"$(SDKROOT)/Developer/Library/Frameworks",
					"$(inherited)",
				);
				INFOPLIST_FILE = CustomVideoCamera2Tests/Info.plist;
				LD_RUNPATH_SEARCH_PATHS = "$(inherited) @executable_path/Frameworks @loader_path/Frameworks";
				PRODUCT_NAME = "$(TARGET_NAME)";
				TEST_HOST = "$(BUILT_PRODUCTS_DIR)/CustomVideoCamera2.app/CustomVideoCamera2";
			};
			name = Release;
		};
/* End XCBuildConfiguration section */

/* Begin XCConfigurationList section */
		3F8628D21AEA3CA20094B9BA /* Build configuration list for PBXProject "CustomVideoCamera2" */ = {
			isa = XCConfigurationList;
			buildConfigurations = (
				3F8628FB1AEA3CA20094B9BA /* Debug */,
				3F8628FC1AEA3CA20094B9BA /* Release */,
			);
			defaultConfigurationIsVisible = 0;
			defaultConfigurationName = Release;
		};
		3F8628FD1AEA3CA20094B9BA /* Build configuration list for PBXNativeTarget "CustomVideoCamera2" */ = {
			isa = XCConfigurationList;
			buildConfigurations = (
				3F8628FE1AEA3CA20094B9BA /* Debug */,
				3F8628FF1AEA3CA20094B9BA /* Release */,
			);
			defaultConfigurationIsVisible = 0;
			defaultConfigurationName = Release;
		};
		3F8629001AEA3CA20094B9BA /* Build configuration list for PBXNativeTarget "CustomVideoCamera2Tests" */ = {
			isa = XCConfigurationList;
			buildConfigurations = (
				3F8629011AEA3CA20094B9BA /* Debug */,
				3F8629021AEA3CA20094B9BA /* Release */,
			);
			defaultConfigurationIsVisible = 0;
			defaultConfigurationName = Release;
		};
/* End XCConfigurationList section */

/* Begin XCVersionGroup section */
		3F8628E11AEA3CA20094B9BA /* CustomVideoCamera2.xcdatamodeld */ = {
			isa = XCVersionGroup;
			children = (
				3F8628E21AEA3CA20094B9BA /* CustomVideoCamera2.xcdatamodel */,
			);
			currentVersion = 3F8628E21AEA3CA20094B9BA /* CustomVideoCamera2.xcdatamodel */;
			path = CustomVideoCamera2.xcdatamodeld;
			sourceTree = "<group>";
			versionGroupType = wrapper.xcdatamodel;
		};
/* End XCVersionGroup section */
	};
	rootObject = 3F8628CF1AEA3CA20094B9BA /* Project object */;
}
